
Microsoft Visual Studio Solution File, Format Version 12.00
# Visual Studio 15
VisualStudioVersion = 15.0.28307.271
MinimumVisualStudioVersion = 10.0.40219.1
Project("{FAE04EC0-301F-11D3-BF4B-00C04F79EFBC}") = "OpenElo", "OpenElo\OpenElo.csproj", "{A272EE8B-BFCF-4B7C-920C-79EFE77ADA0A}"
EndProject
Global
	GlobalSection(SolutionConfigurationPlatforms) = preSolution
		Debug|Any CPU = Debug|Any CPU
		Release|Any CPU = Release|Any CPU
	EndGlobalSection
	GlobalSection(ProjectConfigurationPlatforms) = postSolution
		{A272EE8B-BFCF-4B7C-920C-79EFE77ADA0A}.Debug|Any CPU.ActiveCfg = Debug|Any CPU
		{A272EE8B-BFCF-4B7C-920C-79EFE77ADA0A}.Debug|Any CPU.Build.0 = Debug|Any CPU
		{A272EE8B-BFCF-4B7C-920C-79EFE77ADA0A}.Release|Any CPU.ActiveCfg = Release|Any CPU
		{A272EE8B-BFCF-4B7C-920C-79EFE77ADA0A}.Release|Any CPU.Build.0 = Release|Any CPU
	EndGlobalSection
	GlobalSection(SolutionProperties) = preSolution
		HideSolutionNode = FALSE
	EndGlobalSection
	GlobalSection(ExtensibilityGlobals) = postSolution
		SolutionGuid = {672DB509-F5CE-4154-9B15-68B673F2B050}
	EndGlobalSection
EndGlobal
